
Microsoft Visual Studio Solution File, Format Version 12.00
# Visual Studio Version 17
VisualStudioVersion = 17.1.32421.90
MinimumVisualStudioVersion = 10.0.40219.1
Project("{9A19103F-16F7-4668-BE54-9A1E7A4F7556}") = "ProgramacionPOO", "Clase1\ProgramacionPOO.csproj", "{863C8BD9-D28E-4609-A52C-5449220767DE}"
EndProject
Global
	GlobalSection(SolutionConfigurationPlatforms) = preSolution
		Debug|Any CPU = Debug|Any CPU
		Release|Any CPU = Release|Any CPU
	EndGlobalSection
	GlobalSection(ProjectConfigurationPlatforms) = postSolution
		{863C8BD9-D28E-4609-A52C-5449220767DE}.Debug|Any CPU.ActiveCfg = Debug|Any CPU
		{863C8BD9-D28E-4609-A52C-5449220767DE}.Debug|Any CPU.Build.0 = Debug|Any CPU
		{863C8BD9-D28E-4609-A52C-5449220767DE}.Release|Any CPU.ActiveCfg = Release|Any CPU
		{863C8BD9-D28E-4609-A52C-5449220767DE}.Release|Any CPU.Build.0 = Release|Any CPU
	EndGlobalSection
	GlobalSection(SolutionProperties) = preSolution
		HideSolutionNode = FALSE
	EndGlobalSection
	GlobalSection(ExtensibilityGlobals) = postSolution
		SolutionGuid = {5722A8FA-E158-409D-9B1C-9DB72D924919}
	EndGlobalSection
EndGlobal
